// !$*UTF8*$!
{
	archiveVersion = 1;
	classes = {
	};
	objectVersion = 51;
	objects = {

/* Begin PBXBuildFile section */
		1D3875BD2423760900E8D93F /* ProductProtocol.swift in Sources */ = {isa = PBXBuildFile; fileRef = 1D3875BC2423760900E8D93F /* ProductProtocol.swift */; };
		1D46B04A24235DBA00144E60 /* WFFFormComponents.swift in Sources */ = {isa = PBXBuildFile; fileRef = 1D46B04924235DBA00144E60 /* WFFFormComponents.swift */; };
		1D6BD46E24233E8B00184537 /* StartFlow.storyboard in Resources */ = {isa = PBXBuildFile; fileRef = 1D6BD46D24233E8B00184537 /* StartFlow.storyboard */; };
		1D6BD4702423409700184537 /* BaseBlueView.swift in Sources */ = {isa = PBXBuildFile; fileRef = 1D6BD46F2423409700184537 /* BaseBlueView.swift */; };
		1D6BD472242340A300184537 /* LMPlaceholderTextView.swift in Sources */ = {isa = PBXBuildFile; fileRef = 1D6BD471242340A300184537 /* LMPlaceholderTextView.swift */; };
		1D6BD474242340AF00184537 /* LMTextField.swift in Sources */ = {isa = PBXBuildFile; fileRef = 1D6BD473242340AF00184537 /* LMTextField.swift */; };
		1D91FC202420E5560098BAEE /* HomeFeaturedTVC.swift in Sources */ = {isa = PBXBuildFile; fileRef = 1D91FC1E2420E5560098BAEE /* HomeFeaturedTVC.swift */; };
		1D91FC212420E5560098BAEE /* HomeFeaturedTVC.xib in Resources */ = {isa = PBXBuildFile; fileRef = 1D91FC1F2420E5560098BAEE /* HomeFeaturedTVC.xib */; };
		1D91FC282420F74E0098BAEE /* HomePopularTVC.swift in Sources */ = {isa = PBXBuildFile; fileRef = 1D91FC262420F74E0098BAEE /* HomePopularTVC.swift */; };
		1D91FC292420F74E0098BAEE /* HomePopularTVC.xib in Resources */ = {isa = PBXBuildFile; fileRef = 1D91FC272420F74E0098BAEE /* HomePopularTVC.xib */; };
		1DB0C14C2424967B0073B1FB /* OnboardingCVC.swift in Sources */ = {isa = PBXBuildFile; fileRef = 1DB0C14A2424967B0073B1FB /* OnboardingCVC.swift */; };
		1DB0C14D2424967B0073B1FB /* OnboardingCVC.xib in Resources */ = {isa = PBXBuildFile; fileRef = 1DB0C14B2424967B0073B1FB /* OnboardingCVC.xib */; };
		1DB0C1502424A3DC0073B1FB /* OnboardingVC.swift in Sources */ = {isa = PBXBuildFile; fileRef = 1DB0C14F2424A3DC0073B1FB /* OnboardingVC.swift */; };
		1DB0C1522424A73D0073B1FB /* UICollectionView.swift in Sources */ = {isa = PBXBuildFile; fileRef = 1DB0C1512424A73D0073B1FB /* UICollectionView.swift */; };
		1DB0C1562424D12C0073B1FB /* ZipCodeVC.swift in Sources */ = {isa = PBXBuildFile; fileRef = 1DB0C1552424D12C0073B1FB /* ZipCodeVC.swift */; };
		1DB2EA1024266368004D99FD /* UIColor.swift in Sources */ = {isa = PBXBuildFile; fileRef = 1DB2EA0F24266368004D99FD /* UIColor.swift */; };
		1DB2EA122426643D004D99FD /* WFFFlatButton.swift in Sources */ = {isa = PBXBuildFile; fileRef = 1DB2EA112426643D004D99FD /* WFFFlatButton.swift */; };
		1DB2EA16242669F8004D99FD /* WFFBorderedButton.swift in Sources */ = {isa = PBXBuildFile; fileRef = 1DB2EA15242669F8004D99FD /* WFFBorderedButton.swift */; };
		1DE062F52421EC6E00A01FE4 /* ProductsGridTVC.swift in Sources */ = {isa = PBXBuildFile; fileRef = 1DE062F32421EC6E00A01FE4 /* ProductsGridTVC.swift */; };
		1DE062F62421EC6E00A01FE4 /* ProductsGridTVC.xib in Resources */ = {isa = PBXBuildFile; fileRef = 1DE062F42421EC6E00A01FE4 /* ProductsGridTVC.xib */; };
		1DE062F92421F54600A01FE4 /* SubCategoryListTVC.swift in Sources */ = {isa = PBXBuildFile; fileRef = 1DE062F72421F54600A01FE4 /* SubCategoryListTVC.swift */; };
		1DE062FA2421F54600A01FE4 /* SubCategoryListTVC.xib in Resources */ = {isa = PBXBuildFile; fileRef = 1DE062F82421F54600A01FE4 /* SubCategoryListTVC.xib */; };
		1DE062FD2421F59900A01FE4 /* ProductSubCategoryCVC.swift in Sources */ = {isa = PBXBuildFile; fileRef = 1DE062FB2421F59900A01FE4 /* ProductSubCategoryCVC.swift */; };
		1DE062FE2421F59900A01FE4 /* ProductSubCategoryCVC.xib in Resources */ = {isa = PBXBuildFile; fileRef = 1DE062FC2421F59900A01FE4 /* ProductSubCategoryCVC.xib */; };
		1DE7B74E2420B49F009A8634 /* FeaturedCVC.swift in Sources */ = {isa = PBXBuildFile; fileRef = 1DE7B74C2420B49F009A8634 /* FeaturedCVC.swift */; };
		1DE7B74F2420B49F009A8634 /* FeaturedCVC.xib in Resources */ = {isa = PBXBuildFile; fileRef = 1DE7B74D2420B49F009A8634 /* FeaturedCVC.xib */; };
		1DE7B7522420BAA4009A8634 /* PopularCVC.swift in Sources */ = {isa = PBXBuildFile; fileRef = 1DE7B7502420BAA4009A8634 /* PopularCVC.swift */; };
		1DE7B7532420BAA4009A8634 /* PopularCVC.xib in Resources */ = {isa = PBXBuildFile; fileRef = 1DE7B7512420BAA4009A8634 /* PopularCVC.xib */; };
		1DE7B7562420BD42009A8634 /* ProductCVC.swift in Sources */ = {isa = PBXBuildFile; fileRef = 1DE7B7542420BD42009A8634 /* ProductCVC.swift */; };
		1DE7B7572420BD42009A8634 /* ProductCVC.xib in Resources */ = {isa = PBXBuildFile; fileRef = 1DE7B7552420BD42009A8634 /* ProductCVC.xib */; };
		1DE88B3B2426371800D35218 /* Montserrat-Light.ttf in Resources */ = {isa = PBXBuildFile; fileRef = 1DE88B1D2426371700D35218 /* Montserrat-Light.ttf */; };
		1DE88B55242638A800D35218 /* UILabel.swift in Sources */ = {isa = PBXBuildFile; fileRef = 1DE88B54242638A800D35218 /* UILabel.swift */; };
		1DE88B5724263E4B00D35218 /* UIFont.swift in Sources */ = {isa = PBXBuildFile; fileRef = 1DE88B5624263E4B00D35218 /* UIFont.swift */; };
		1DE88B59242642AB00D35218 /* WFFLabels.swift in Sources */ = {isa = PBXBuildFile; fileRef = 1DE88B58242642AB00D35218 /* WFFLabels.swift */; };
		1DE88B652426459400D35218 /* Oswald-Bold.ttf in Resources */ = {isa = PBXBuildFile; fileRef = 1DE88B5C2426459300D35218 /* Oswald-Bold.ttf */; };
		1DE88B662426459400D35218 /* Oswald-SemiBold.ttf in Resources */ = {isa = PBXBuildFile; fileRef = 1DE88B5D2426459300D35218 /* Oswald-SemiBold.ttf */; };
		1DE88B672426459400D35218 /* Oswald-Medium.ttf in Resources */ = {isa = PBXBuildFile; fileRef = 1DE88B5E2426459300D35218 /* Oswald-Medium.ttf */; };
		1DE88B682426459400D35218 /* Oswald-Regular.ttf in Resources */ = {isa = PBXBuildFile; fileRef = 1DE88B5F2426459300D35218 /* Oswald-Regular.ttf */; };
		1DE88B692426459400D35218 /* Oswald-ExtraLight.ttf in Resources */ = {isa = PBXBuildFile; fileRef = 1DE88B602426459300D35218 /* Oswald-ExtraLight.ttf */; };
		1DE88B6A2426459400D35218 /* Oswald-Light.ttf in Resources */ = {isa = PBXBuildFile; fileRef = 1DE88B612426459300D35218 /* Oswald-Light.ttf */; };
		1DE88B6F24264FF900D35218 /* Montserrat-LightItalic.ttf in Resources */ = {isa = PBXBuildFile; fileRef = 1DE88B6E24264FF900D35218 /* Montserrat-LightItalic.ttf */; };
		1DF076042425558F00C6B883 /* PopupVC.swift in Sources */ = {isa = PBXBuildFile; fileRef = 1DF076032425558F00C6B883 /* PopupVC.swift */; };
		1DF076072425587500C6B883 /* productUnavailable.swift in Sources */ = {isa = PBXBuildFile; fileRef = 1DF076062425587500C6B883 /* productUnavailable.swift */; };
		1DF07609242558A400C6B883 /* productUnavailable.xib in Resources */ = {isa = PBXBuildFile; fileRef = 1DF07608242558A400C6B883 /* productUnavailable.xib */; };
		80AC443347FC62BD253C92F9 /* Pods_WFF_WFFApp.framework in Frameworks */ = {isa = PBXBuildFile; fileRef = B136DD62D2B90A87DDD46A2B /* Pods_WFF_WFFApp.framework */; };
		9402633D241F62E4002E504C /* Buy.framework in Frameworks */ = {isa = PBXBuildFile; fileRef = 9402633B241F62E4002E504C /* Buy.framework */; };
		9402633E241F62E4002E504C /* Buy.framework in Embed Frameworks */ = {isa = PBXBuildFile; fileRef = 9402633B241F62E4002E504C /* Buy.framework */; settings = {ATTRIBUTES = (CodeSignOnCopy, RemoveHeadersOnCopy, ); }; };
		9402633F241F62E4002E504C /* Pay.framework in Frameworks */ = {isa = PBXBuildFile; fileRef = 9402633C241F62E4002E504C /* Pay.framework */; };
		94026340241F62E4002E504C /* Pay.framework in Embed Frameworks */ = {isa = PBXBuildFile; fileRef = 9402633C241F62E4002E504C /* Pay.framework */; settings = {ATTRIBUTES = (CodeSignOnCopy, RemoveHeadersOnCopy, ); }; };
		9415B5EA24248DB300295927 /* Protocols.swift in Sources */ = {isa = PBXBuildFile; fileRef = 9415B5E924248DB300295927 /* Protocols.swift */; };
		942A54C424239B99002BDF86 /* ExpandableLabel.swift in Sources */ = {isa = PBXBuildFile; fileRef = 942A54C324239B99002BDF86 /* ExpandableLabel.swift */; };
		944F9D6A2423C201003BF6B8 /* HeaderView.swift in Sources */ = {isa = PBXBuildFile; fileRef = 944F9D692423C201003BF6B8 /* HeaderView.swift */; };
		948D153B24233F3200001A7A /* ReviewTableViewCell.swift in Sources */ = {isa = PBXBuildFile; fileRef = 948D153924233F3200001A7A /* ReviewTableViewCell.swift */; };
		948D153C24233F3200001A7A /* ReviewTableViewCell.xib in Resources */ = {isa = PBXBuildFile; fileRef = 948D153A24233F3200001A7A /* ReviewTableViewCell.xib */; };
		9492E300242365B40073C806 /* UIButton.swift in Sources */ = {isa = PBXBuildFile; fileRef = 9492E2FF242365B40073C806 /* UIButton.swift */; };
		9492E302242369CF0073C806 /* CustomUIViews.swift in Sources */ = {isa = PBXBuildFile; fileRef = 9492E301242369CE0073C806 /* CustomUIViews.swift */; };
		9492E30524236A3F0073C806 /* ViewProtocols.swift in Sources */ = {isa = PBXBuildFile; fileRef = 9492E30424236A3F0073C806 /* ViewProtocols.swift */; };
		9492E308242375150073C806 /* AllReviews.swift in Sources */ = {isa = PBXBuildFile; fileRef = 9492E306242375150073C806 /* AllReviews.swift */; };
		9492E309242375150073C806 /* AllReviews.xib in Resources */ = {isa = PBXBuildFile; fileRef = 9492E307242375150073C806 /* AllReviews.xib */; };
		F73387C924164D7F00DE8F75 /* AppDelegate.swift in Sources */ = {isa = PBXBuildFile; fileRef = F73387C824164D7F00DE8F75 /* AppDelegate.swift */; };
		F73387D224164D8300DE8F75 /* Assets.xcassets in Resources */ = {isa = PBXBuildFile; fileRef = F73387D124164D8300DE8F75 /* Assets.xcassets */; };
		F73387D524164D8300DE8F75 /* LaunchScreen.storyboard in Resources */ = {isa = PBXBuildFile; fileRef = F73387D324164D8300DE8F75 /* LaunchScreen.storyboard */; };
		F73387DD241659AB00DE8F75 /* WffPlatform.framework in Frameworks */ = {isa = PBXBuildFile; fileRef = F73387DC241659AB00DE8F75 /* WffPlatform.framework */; };
		F73387DE241659AB00DE8F75 /* WffPlatform.framework in Embed Frameworks */ = {isa = PBXBuildFile; fileRef = F73387DC241659AB00DE8F75 /* WffPlatform.framework */; settings = {ATTRIBUTES = (CodeSignOnCopy, RemoveHeadersOnCopy, ); }; };
		F73387E724165F0700DE8F75 /* Home.storyboard in Resources */ = {isa = PBXBuildFile; fileRef = F73387E624165F0700DE8F75 /* Home.storyboard */; };
		F73387E924165F1200DE8F75 /* StoryBoards.swift in Sources */ = {isa = PBXBuildFile; fileRef = F73387E824165F1200DE8F75 /* StoryBoards.swift */; };
		F73387ED2416604C00DE8F75 /* HomeVC.swift in Sources */ = {isa = PBXBuildFile; fileRef = F73387EC2416604C00DE8F75 /* HomeVC.swift */; };
		F73387F2241662C200DE8F75 /* CollectionCVC.swift in Sources */ = {isa = PBXBuildFile; fileRef = F73387F0241662C200DE8F75 /* CollectionCVC.swift */; };
		F73387F3241662C200DE8F75 /* CollectionCVC.xib in Resources */ = {isa = PBXBuildFile; fileRef = F73387F1241662C200DE8F75 /* CollectionCVC.xib */; };
		F73387F6241662EC00DE8F75 /* HomeCollectionTVC.swift in Sources */ = {isa = PBXBuildFile; fileRef = F73387F4241662EC00DE8F75 /* HomeCollectionTVC.swift */; };
		F73387F7241662EC00DE8F75 /* HomeCollectionTVC.xib in Resources */ = {isa = PBXBuildFile; fileRef = F73387F5241662EC00DE8F75 /* HomeCollectionTVC.xib */; };
		F73387FA24166A0700DE8F75 /* UITAbleView.swift in Sources */ = {isa = PBXBuildFile; fileRef = F73387F924166A0700DE8F75 /* UITAbleView.swift */; };
		F73387FE24166E5000DE8F75 /* HomeScreenDataSource.swift in Sources */ = {isa = PBXBuildFile; fileRef = F73387FD24166E5000DE8F75 /* HomeScreenDataSource.swift */; };
		F73388092416A6CC00DE8F75 /* GoogleService-Info.plist in Resources */ = {isa = PBXBuildFile; fileRef = F73388082416A6CC00DE8F75 /* GoogleService-Info.plist */; };
		F733880B2416B16500DE8F75 /* HomeScreenCollections.swift in Sources */ = {isa = PBXBuildFile; fileRef = F733880A2416B16500DE8F75 /* HomeScreenCollections.swift */; };
		F733880E2416B94D00DE8F75 /* CategorySelectionVC.swift in Sources */ = {isa = PBXBuildFile; fileRef = F733880D2416B94D00DE8F75 /* CategorySelectionVC.swift */; };
		F73388102416BB2D00DE8F75 /* UIViewController.swift in Sources */ = {isa = PBXBuildFile; fileRef = F733880F2416BB2D00DE8F75 /* UIViewController.swift */; };
		F7419B652420E474006D2780 /* ProductCostView.xib in Resources */ = {isa = PBXBuildFile; fileRef = F7419B642420E474006D2780 /* ProductCostView.xib */; };
		F7419B672420E480006D2780 /* ProductCostView.swift in Sources */ = {isa = PBXBuildFile; fileRef = F7419B662420E480006D2780 /* ProductCostView.swift */; };
		F7419B6924210381006D2780 /* ProductInfoView.swift in Sources */ = {isa = PBXBuildFile; fileRef = F7419B6824210381006D2780 /* ProductInfoView.swift */; };
		F7419B6B24210388006D2780 /* ProductInfoView.xib in Resources */ = {isa = PBXBuildFile; fileRef = F7419B6A24210388006D2780 /* ProductInfoView.xib */; };
		F7419B6E24210597006D2780 /* ReviewHeaderView.xib in Resources */ = {isa = PBXBuildFile; fileRef = F7419B6D24210597006D2780 /* ReviewHeaderView.xib */; };
		F7419B70242105A1006D2780 /* ReviewHeaderView.swift in Sources */ = {isa = PBXBuildFile; fileRef = F7419B6F242105A1006D2780 /* ReviewHeaderView.swift */; };
		F7BC86F3242645CF00A73632 /* UIAlertController.swift in Sources */ = {isa = PBXBuildFile; fileRef = F7BC86F2242645CF00A73632 /* UIAlertController.swift */; };
		F7BC86F624264CE300A73632 /* TabBarVC.swift in Sources */ = {isa = PBXBuildFile; fileRef = F7BC86F524264CE300A73632 /* TabBarVC.swift */; };
		F7BC86F824264DA100A73632 /* UIImage.swift in Sources */ = {isa = PBXBuildFile; fileRef = F7BC86F724264DA100A73632 /* UIImage.swift */; };
		F7BE3807242099C200057592 /* Product.storyboard in Resources */ = {isa = PBXBuildFile; fileRef = F7BE3806242099C200057592 /* Product.storyboard */; };
		F7BE380B24209A6E00057592 /* ProductImagesTVC.swift in Sources */ = {isa = PBXBuildFile; fileRef = F7BE380924209A6E00057592 /* ProductImagesTVC.swift */; };
		F7BE380C24209A6E00057592 /* ProductImagesTVC.xib in Resources */ = {isa = PBXBuildFile; fileRef = F7BE380A24209A6E00057592 /* ProductImagesTVC.xib */; };
		F7BE381024209B0100057592 /* ImageCVC.swift in Sources */ = {isa = PBXBuildFile; fileRef = F7BE380E24209B0100057592 /* ImageCVC.swift */; };
		F7BE381124209B0100057592 /* ImageCVC.xib in Resources */ = {isa = PBXBuildFile; fileRef = F7BE380F24209B0100057592 /* ImageCVC.xib */; };
		F7BE381424209C2E00057592 /* ProductInfoVC.swift in Sources */ = {isa = PBXBuildFile; fileRef = F7BE381324209C2E00057592 /* ProductInfoVC.swift */; };
		F7BE381724209CE400057592 /* ProductInfoDataSource.swift in Sources */ = {isa = PBXBuildFile; fileRef = F7BE381624209CE400057592 /* ProductInfoDataSource.swift */; };
		F7F276612425E9EB00967685 /* Login.swift in Sources */ = {isa = PBXBuildFile; fileRef = F7F276602425E9EA00967685 /* Login.swift */; };
		F7F276632425E9FB00967685 /* RegisterVC.swift in Sources */ = {isa = PBXBuildFile; fileRef = F7F276622425E9FB00967685 /* RegisterVC.swift */; };
		F7F2766524260AF300967685 /* UIbutton.swift in Sources */ = {isa = PBXBuildFile; fileRef = F7F2766424260AF300967685 /* UIbutton.swift */; };
		F7F27667242620C000967685 /* UIBarButton.swift in Sources */ = {isa = PBXBuildFile; fileRef = F7F27666242620C000967685 /* UIBarButton.swift */; };
		F7F27671242624FA00967685 /* ProductsHeader.swift in Sources */ = {isa = PBXBuildFile; fileRef = F7F2766D242624F800967685 /* ProductsHeader.swift */; };
		F7F27672242624FA00967685 /* ProductsHeader.xib in Resources */ = {isa = PBXBuildFile; fileRef = F7F2766E242624F900967685 /* ProductsHeader.xib */; };
		F7F27673242624FA00967685 /* HomeTableViewHeader.xib in Resources */ = {isa = PBXBuildFile; fileRef = F7F2766F242624F900967685 /* HomeTableViewHeader.xib */; };
		F7F27674242624FA00967685 /* HomeTableViewHeader.swift in Sources */ = {isa = PBXBuildFile; fileRef = F7F27670242624F900967685 /* HomeTableViewHeader.swift */; };
		F7F276782426254300967685 /* SplashVC.swift in Sources */ = {isa = PBXBuildFile; fileRef = F7F276772426254300967685 /* SplashVC.swift */; };
/* End PBXBuildFile section */

/* Begin PBXCopyFilesBuildPhase section */
		F73387DF241659AB00DE8F75 /* Embed Frameworks */ = {
			isa = PBXCopyFilesBuildPhase;
			buildActionMask = 2147483647;
			dstPath = "";
			dstSubfolderSpec = 10;
			files = (
				F73387DE241659AB00DE8F75 /* WffPlatform.framework in Embed Frameworks */,
				9402633E241F62E4002E504C /* Buy.framework in Embed Frameworks */,
				94026340241F62E4002E504C /* Pay.framework in Embed Frameworks */,
			);
			name = "Embed Frameworks";
			runOnlyForDeploymentPostprocessing = 0;
		};
/* End PBXCopyFilesBuildPhase section */

/* Begin PBXFileReference section */
		1D3875BC2423760900E8D93F /* ProductProtocol.swift */ = {isa = PBXFileReference; lastKnownFileType = sourcecode.swift; name = ProductProtocol.swift; path = ../../../WffApp/WffApp/ViewModels/ProductProtocol.swift; sourceTree = "<group>"; };
		1D46B04924235DBA00144E60 /* WFFFormComponents.swift */ = {isa = PBXFileReference; lastKnownFileType = sourcecode.swift; name = WFFFormComponents.swift; path = ../../../WffApp/WffApp/WFFFormComponents.swift; sourceTree = "<group>"; };
		1D6BD46D24233E8B00184537 /* StartFlow.storyboard */ = {isa = PBXFileReference; lastKnownFileType = file.storyboard; name = StartFlow.storyboard; path = ../../../../WffApp/WffApp/StartFlow.storyboard; sourceTree = "<group>"; };
		1D6BD46F2423409700184537 /* BaseBlueView.swift */ = {isa = PBXFileReference; fileEncoding = 4; lastKnownFileType = sourcecode.swift; path = BaseBlueView.swift; sourceTree = "<group>"; };
		1D6BD471242340A300184537 /* LMPlaceholderTextView.swift */ = {isa = PBXFileReference; fileEncoding = 4; lastKnownFileType = sourcecode.swift; path = LMPlaceholderTextView.swift; sourceTree = "<group>"; };
		1D6BD473242340AF00184537 /* LMTextField.swift */ = {isa = PBXFileReference; fileEncoding = 4; lastKnownFileType = sourcecode.swift; path = LMTextField.swift; sourceTree = "<group>"; };
		1D91FC1E2420E5560098BAEE /* HomeFeaturedTVC.swift */ = {isa = PBXFileReference; lastKnownFileType = sourcecode.swift; name = HomeFeaturedTVC.swift; path = ../../../../WffApp/WffApp/HomeFeaturedTVC.swift; sourceTree = "<group>"; };
		1D91FC1F2420E5560098BAEE /* HomeFeaturedTVC.xib */ = {isa = PBXFileReference; lastKnownFileType = file.xib; name = HomeFeaturedTVC.xib; path = ../../../../WffApp/WffApp/HomeFeaturedTVC.xib; sourceTree = "<group>"; };
		1D91FC262420F74E0098BAEE /* HomePopularTVC.swift */ = {isa = PBXFileReference; lastKnownFileType = sourcecode.swift; name = HomePopularTVC.swift; path = ../../../../WffApp/WffApp/HomePopularTVC.swift; sourceTree = "<group>"; };
		1D91FC272420F74E0098BAEE /* HomePopularTVC.xib */ = {isa = PBXFileReference; lastKnownFileType = file.xib; name = HomePopularTVC.xib; path = ../../../../WffApp/WffApp/HomePopularTVC.xib; sourceTree = "<group>"; };
		1DB0C14A2424967B0073B1FB /* OnboardingCVC.swift */ = {isa = PBXFileReference; lastKnownFileType = sourcecode.swift; name = OnboardingCVC.swift; path = ../../../../WffApp/WffApp/OnboardingCVC.swift; sourceTree = "<group>"; };
		1DB0C14B2424967B0073B1FB /* OnboardingCVC.xib */ = {isa = PBXFileReference; lastKnownFileType = file.xib; name = OnboardingCVC.xib; path = ../../../../WffApp/WffApp/OnboardingCVC.xib; sourceTree = "<group>"; };
		1DB0C14F2424A3DC0073B1FB /* OnboardingVC.swift */ = {isa = PBXFileReference; lastKnownFileType = sourcecode.swift; name = OnboardingVC.swift; path = ../../../../../WffApp/WffApp/View/ViewControllers/OnboardingScreen/OnboardingVC.swift; sourceTree = "<group>"; };
		1DB0C1512424A73D0073B1FB /* UICollectionView.swift */ = {isa = PBXFileReference; lastKnownFileType = sourcecode.swift; name = UICollectionView.swift; path = ../../../WffApp/WffApp/Extentions/UICollectionView.swift; sourceTree = "<group>"; };
		1DB0C1552424D12C0073B1FB /* ZipCodeVC.swift */ = {isa = PBXFileReference; lastKnownFileType = sourcecode.swift; name = ZipCodeVC.swift; path = ../../../../../WffApp/WffApp/View/ViewControllers/OnboardingScreen/ZipCodeVC.swift; sourceTree = "<group>"; };
		1DB2EA0F24266368004D99FD /* UIColor.swift */ = {isa = PBXFileReference; lastKnownFileType = sourcecode.swift; name = UIColor.swift; path = ../../../WffApp/WffApp/Extentions/UIColor.swift; sourceTree = "<group>"; };
		1DB2EA112426643D004D99FD /* WFFFlatButton.swift */ = {isa = PBXFileReference; lastKnownFileType = sourcecode.swift; name = WFFFlatButton.swift; path = ../../../WffApp/WffApp/UIComponents/WFFFlatButton.swift; sourceTree = "<group>"; };
		1DB2EA15242669F8004D99FD /* WFFBorderedButton.swift */ = {isa = PBXFileReference; lastKnownFileType = sourcecode.swift; name = WFFBorderedButton.swift; path = ../../../WffApp/WffApp/UIComponents/WFFBorderedButton.swift; sourceTree = "<group>"; };
		1DE062F32421EC6E00A01FE4 /* ProductsGridTVC.swift */ = {isa = PBXFileReference; lastKnownFileType = sourcecode.swift; name = ProductsGridTVC.swift; path = ../../../../WffApp/WffApp/ProductsGridTVC.swift; sourceTree = "<group>"; };
		1DE062F42421EC6E00A01FE4 /* ProductsGridTVC.xib */ = {isa = PBXFileReference; lastKnownFileType = file.xib; name = ProductsGridTVC.xib; path = ../../../../WffApp/WffApp/ProductsGridTVC.xib; sourceTree = "<group>"; };
		1DE062F72421F54600A01FE4 /* SubCategoryListTVC.swift */ = {isa = PBXFileReference; lastKnownFileType = sourcecode.swift; path = SubCategoryListTVC.swift; sourceTree = "<group>"; };
		1DE062F82421F54600A01FE4 /* SubCategoryListTVC.xib */ = {isa = PBXFileReference; lastKnownFileType = file.xib; path = SubCategoryListTVC.xib; sourceTree = "<group>"; };
		1DE062FB2421F59900A01FE4 /* ProductSubCategoryCVC.swift */ = {isa = PBXFileReference; lastKnownFileType = sourcecode.swift; name = ProductSubCategoryCVC.swift; path = ../../../../WffApp/WffApp/ProductSubCategoryCVC.swift; sourceTree = "<group>"; };
		1DE062FC2421F59900A01FE4 /* ProductSubCategoryCVC.xib */ = {isa = PBXFileReference; lastKnownFileType = file.xib; name = ProductSubCategoryCVC.xib; path = ../../../../WffApp/WffApp/ProductSubCategoryCVC.xib; sourceTree = "<group>"; };
		1DE7B74C2420B49F009A8634 /* FeaturedCVC.swift */ = {isa = PBXFileReference; lastKnownFileType = sourcecode.swift; name = FeaturedCVC.swift; path = ../../../../WffApp/WffApp/FeaturedCVC.swift; sourceTree = "<group>"; };
		1DE7B74D2420B49F009A8634 /* FeaturedCVC.xib */ = {isa = PBXFileReference; lastKnownFileType = file.xib; name = FeaturedCVC.xib; path = ../../../../WffApp/WffApp/FeaturedCVC.xib; sourceTree = "<group>"; };
		1DE7B7502420BAA4009A8634 /* PopularCVC.swift */ = {isa = PBXFileReference; lastKnownFileType = sourcecode.swift; name = PopularCVC.swift; path = ../../../../WffApp/WffApp/PopularCVC.swift; sourceTree = "<group>"; };
		1DE7B7512420BAA4009A8634 /* PopularCVC.xib */ = {isa = PBXFileReference; lastKnownFileType = file.xib; name = PopularCVC.xib; path = ../../../../WffApp/WffApp/PopularCVC.xib; sourceTree = "<group>"; };
		1DE7B7542420BD42009A8634 /* ProductCVC.swift */ = {isa = PBXFileReference; lastKnownFileType = sourcecode.swift; name = ProductCVC.swift; path = ../../../../WffApp/WffApp/ProductCVC.swift; sourceTree = "<group>"; };
		1DE7B7552420BD42009A8634 /* ProductCVC.xib */ = {isa = PBXFileReference; lastKnownFileType = file.xib; name = ProductCVC.xib; path = ../../../../WffApp/WffApp/ProductCVC.xib; sourceTree = "<group>"; };
		1DE88B1D2426371700D35218 /* Montserrat-Light.ttf */ = {isa = PBXFileReference; lastKnownFileType = file; path = "Montserrat-Light.ttf"; sourceTree = "<group>"; };
		1DE88B54242638A800D35218 /* UILabel.swift */ = {isa = PBXFileReference; lastKnownFileType = sourcecode.swift; name = UILabel.swift; path = ../../../WffApp/WffApp/Extentions/UILabel.swift; sourceTree = "<group>"; };
		1DE88B5624263E4B00D35218 /* UIFont.swift */ = {isa = PBXFileReference; lastKnownFileType = sourcecode.swift; name = UIFont.swift; path = ../../../WffApp/WffApp/Extentions/UIFont.swift; sourceTree = "<group>"; };
		1DE88B58242642AB00D35218 /* WFFLabels.swift */ = {isa = PBXFileReference; lastKnownFileType = sourcecode.swift; name = WFFLabels.swift; path = ../../../WffApp/WffApp/UIComponents/WFFLabels.swift; sourceTree = "<group>"; };
		1DE88B5C2426459300D35218 /* Oswald-Bold.ttf */ = {isa = PBXFileReference; lastKnownFileType = file; path = "Oswald-Bold.ttf"; sourceTree = "<group>"; };
		1DE88B5D2426459300D35218 /* Oswald-SemiBold.ttf */ = {isa = PBXFileReference; lastKnownFileType = file; path = "Oswald-SemiBold.ttf"; sourceTree = "<group>"; };
		1DE88B5E2426459300D35218 /* Oswald-Medium.ttf */ = {isa = PBXFileReference; lastKnownFileType = file; path = "Oswald-Medium.ttf"; sourceTree = "<group>"; };
		1DE88B5F2426459300D35218 /* Oswald-Regular.ttf */ = {isa = PBXFileReference; lastKnownFileType = file; path = "Oswald-Regular.ttf"; sourceTree = "<group>"; };
		1DE88B602426459300D35218 /* Oswald-ExtraLight.ttf */ = {isa = PBXFileReference; lastKnownFileType = file; path = "Oswald-ExtraLight.ttf"; sourceTree = "<group>"; };
		1DE88B612426459300D35218 /* Oswald-Light.ttf */ = {isa = PBXFileReference; lastKnownFileType = file; path = "Oswald-Light.ttf"; sourceTree = "<group>"; };
		1DE88B6E24264FF900D35218 /* Montserrat-LightItalic.ttf */ = {isa = PBXFileReference; lastKnownFileType = file; path = "Montserrat-LightItalic.ttf"; sourceTree = "<group>"; };
		1DE88B702426502E00D35218 /* Montserrat-Medium.ttf */ = {isa = PBXFileReference; lastKnownFileType = file; path = "Montserrat-Medium.ttf"; sourceTree = "<group>"; };
		1DF076032425558F00C6B883 /* PopupVC.swift */ = {isa = PBXFileReference; lastKnownFileType = sourcecode.swift; name = PopupVC.swift; path = ../../../../../WffApp/WffApp/View/ViewControllers/PopupController/PopupVC.swift; sourceTree = "<group>"; };
		1DF076062425587500C6B883 /* productUnavailable.swift */ = {isa = PBXFileReference; lastKnownFileType = sourcecode.swift; name = productUnavailable.swift; path = ../../../../WffApp/WffApp/View/PopModalViews/productUnavailable.swift; sourceTree = "<group>"; };
		1DF07608242558A400C6B883 /* productUnavailable.xib */ = {isa = PBXFileReference; lastKnownFileType = file.xib; name = productUnavailable.xib; path = ../../../../WffApp/WffApp/View/PopModalViews/productUnavailable.xib; sourceTree = "<group>"; };
		3B0DA1F3CCCA9534CB443E57 /* Pods-WFF-WFFApp.release.xcconfig */ = {isa = PBXFileReference; includeInIndex = 1; lastKnownFileType = text.xcconfig; name = "Pods-WFF-WFFApp.release.xcconfig"; path = "Target Support Files/Pods-WFF-WFFApp/Pods-WFF-WFFApp.release.xcconfig"; sourceTree = "<group>"; };
		9402633B241F62E4002E504C /* Buy.framework */ = {isa = PBXFileReference; explicitFileType = wrapper.framework; path = Buy.framework; sourceTree = BUILT_PRODUCTS_DIR; };
		9402633C241F62E4002E504C /* Pay.framework */ = {isa = PBXFileReference; explicitFileType = wrapper.framework; path = Pay.framework; sourceTree = BUILT_PRODUCTS_DIR; };
		9415B5E924248DB300295927 /* Protocols.swift */ = {isa = PBXFileReference; lastKnownFileType = sourcecode.swift; name = Protocols.swift; path = ../../../../WffApp/WffApp/View/ViewProtocols/Protocols.swift; sourceTree = "<group>"; };
		942A54C324239B99002BDF86 /* ExpandableLabel.swift */ = {isa = PBXFileReference; fileEncoding = 4; lastKnownFileType = sourcecode.swift; path = ExpandableLabel.swift; sourceTree = "<group>"; };
		944F9D692423C201003BF6B8 /* HeaderView.swift */ = {isa = PBXFileReference; lastKnownFileType = sourcecode.swift; name = HeaderView.swift; path = ../../../../../WffApp/WffApp/View/ProductInfoPage/CustomViews/HeaderView.swift; sourceTree = "<group>"; };
		948D153924233F3200001A7A /* ReviewTableViewCell.swift */ = {isa = PBXFileReference; lastKnownFileType = sourcecode.swift; name = ReviewTableViewCell.swift; path = ../../../../../WffApp/WffApp/View/ProductInfoPage/CustomViews/ReviewTableViewCell.swift; sourceTree = "<group>"; };
		948D153A24233F3200001A7A /* ReviewTableViewCell.xib */ = {isa = PBXFileReference; lastKnownFileType = file.xib; name = ReviewTableViewCell.xib; path = ../../../../../WffApp/WffApp/View/ProductInfoPage/CustomViews/ReviewTableViewCell.xib; sourceTree = "<group>"; };
		9492E2FF242365B40073C806 /* UIButton.swift */ = {isa = PBXFileReference; lastKnownFileType = sourcecode.swift; name = UIButton.swift; path = ../../../../WffApp/WffApp/View/UIViewElements/UIButton.swift; sourceTree = "<group>"; };
		9492E301242369CE0073C806 /* CustomUIViews.swift */ = {isa = PBXFileReference; fileEncoding = 4; lastKnownFileType = sourcecode.swift; name = CustomUIViews.swift; path = ../../../../WffApp/WffApp/View/UIViewElements/CustomUIViews.swift; sourceTree = "<group>"; };
		9492E30424236A3F0073C806 /* ViewProtocols.swift */ = {isa = PBXFileReference; lastKnownFileType = sourcecode.swift; name = ViewProtocols.swift; path = ../../../../WffApp/WffApp/View/ViewProtocols/ViewProtocols.swift; sourceTree = "<group>"; };
		9492E306242375150073C806 /* AllReviews.swift */ = {isa = PBXFileReference; lastKnownFileType = sourcecode.swift; name = AllReviews.swift; path = ../../../../../WffApp/WffApp/View/ProductInfoPage/CustomViews/AllReviews.swift; sourceTree = "<group>"; };
		9492E307242375150073C806 /* AllReviews.xib */ = {isa = PBXFileReference; lastKnownFileType = file.xib; name = AllReviews.xib; path = ../../../../../WffApp/WffApp/View/ProductInfoPage/CustomViews/AllReviews.xib; sourceTree = "<group>"; };
		A589940DBEF0DD03E845FC4F /* Pods-WFF-WFFApp.debug.xcconfig */ = {isa = PBXFileReference; includeInIndex = 1; lastKnownFileType = text.xcconfig; name = "Pods-WFF-WFFApp.debug.xcconfig"; path = "Target Support Files/Pods-WFF-WFFApp/Pods-WFF-WFFApp.debug.xcconfig"; sourceTree = "<group>"; };
		B136DD62D2B90A87DDD46A2B /* Pods_WFF_WFFApp.framework */ = {isa = PBXFileReference; explicitFileType = wrapper.framework; includeInIndex = 0; path = Pods_WFF_WFFApp.framework; sourceTree = BUILT_PRODUCTS_DIR; };
		F73387C524164D7F00DE8F75 /* WFFApp.app */ = {isa = PBXFileReference; explicitFileType = wrapper.application; includeInIndex = 0; path = WFFApp.app; sourceTree = BUILT_PRODUCTS_DIR; };
		F73387C824164D7F00DE8F75 /* AppDelegate.swift */ = {isa = PBXFileReference; lastKnownFileType = sourcecode.swift; path = AppDelegate.swift; sourceTree = "<group>"; };
		F73387D124164D8300DE8F75 /* Assets.xcassets */ = {isa = PBXFileReference; lastKnownFileType = folder.assetcatalog; path = Assets.xcassets; sourceTree = "<group>"; };
		F73387D424164D8300DE8F75 /* Base */ = {isa = PBXFileReference; lastKnownFileType = file.storyboard; name = Base; path = Base.lproj/LaunchScreen.storyboard; sourceTree = "<group>"; };
		F73387D624164D8300DE8F75 /* Info.plist */ = {isa = PBXFileReference; lastKnownFileType = text.plist.xml; path = Info.plist; sourceTree = "<group>"; };
		F73387DC241659AB00DE8F75 /* WffPlatform.framework */ = {isa = PBXFileReference; explicitFileType = wrapper.framework; path = WffPlatform.framework; sourceTree = BUILT_PRODUCTS_DIR; };
		F73387E624165F0700DE8F75 /* Home.storyboard */ = {isa = PBXFileReference; lastKnownFileType = file.storyboard; path = Home.storyboard; sourceTree = "<group>"; };
		F73387E824165F1200DE8F75 /* StoryBoards.swift */ = {isa = PBXFileReference; lastKnownFileType = sourcecode.swift; path = StoryBoards.swift; sourceTree = "<group>"; };
		F73387EC2416604C00DE8F75 /* HomeVC.swift */ = {isa = PBXFileReference; lastKnownFileType = sourcecode.swift; path = HomeVC.swift; sourceTree = "<group>"; };
		F73387F0241662C200DE8F75 /* CollectionCVC.swift */ = {isa = PBXFileReference; lastKnownFileType = sourcecode.swift; path = CollectionCVC.swift; sourceTree = "<group>"; };
		F73387F1241662C200DE8F75 /* CollectionCVC.xib */ = {isa = PBXFileReference; lastKnownFileType = file.xib; path = CollectionCVC.xib; sourceTree = "<group>"; };
		F73387F4241662EC00DE8F75 /* HomeCollectionTVC.swift */ = {isa = PBXFileReference; lastKnownFileType = sourcecode.swift; path = HomeCollectionTVC.swift; sourceTree = "<group>"; };
		F73387F5241662EC00DE8F75 /* HomeCollectionTVC.xib */ = {isa = PBXFileReference; lastKnownFileType = file.xib; path = HomeCollectionTVC.xib; sourceTree = "<group>"; };
		F73387F924166A0700DE8F75 /* UITAbleView.swift */ = {isa = PBXFileReference; lastKnownFileType = sourcecode.swift; path = UITAbleView.swift; sourceTree = "<group>"; };
		F73387FD24166E5000DE8F75 /* HomeScreenDataSource.swift */ = {isa = PBXFileReference; lastKnownFileType = sourcecode.swift; path = HomeScreenDataSource.swift; sourceTree = "<group>"; };
		F73388082416A6CC00DE8F75 /* GoogleService-Info.plist */ = {isa = PBXFileReference; fileEncoding = 4; lastKnownFileType = text.plist.xml; path = "GoogleService-Info.plist"; sourceTree = "<group>"; };
		F733880A2416B16500DE8F75 /* HomeScreenCollections.swift */ = {isa = PBXFileReference; lastKnownFileType = sourcecode.swift; path = HomeScreenCollections.swift; sourceTree = "<group>"; };
		F733880D2416B94D00DE8F75 /* CategorySelectionVC.swift */ = {isa = PBXFileReference; lastKnownFileType = sourcecode.swift; path = CategorySelectionVC.swift; sourceTree = "<group>"; };
		F733880F2416BB2D00DE8F75 /* UIViewController.swift */ = {isa = PBXFileReference; lastKnownFileType = sourcecode.swift; path = UIViewController.swift; sourceTree = "<group>"; };
		F7419B642420E474006D2780 /* ProductCostView.xib */ = {isa = PBXFileReference; lastKnownFileType = file.xib; path = ProductCostView.xib; sourceTree = "<group>"; };
		F7419B662420E480006D2780 /* ProductCostView.swift */ = {isa = PBXFileReference; lastKnownFileType = sourcecode.swift; path = ProductCostView.swift; sourceTree = "<group>"; };
		F7419B6824210381006D2780 /* ProductInfoView.swift */ = {isa = PBXFileReference; lastKnownFileType = sourcecode.swift; path = ProductInfoView.swift; sourceTree = "<group>"; };
		F7419B6A24210388006D2780 /* ProductInfoView.xib */ = {isa = PBXFileReference; lastKnownFileType = file.xib; path = ProductInfoView.xib; sourceTree = "<group>"; };
		F7419B6D24210597006D2780 /* ReviewHeaderView.xib */ = {isa = PBXFileReference; lastKnownFileType = file.xib; path = ReviewHeaderView.xib; sourceTree = "<group>"; };
		F7419B6F242105A1006D2780 /* ReviewHeaderView.swift */ = {isa = PBXFileReference; lastKnownFileType = sourcecode.swift; path = ReviewHeaderView.swift; sourceTree = "<group>"; };
		F7BC86F2242645CF00A73632 /* UIAlertController.swift */ = {isa = PBXFileReference; lastKnownFileType = sourcecode.swift; path = UIAlertController.swift; sourceTree = "<group>"; };
		F7BC86F524264CE300A73632 /* TabBarVC.swift */ = {isa = PBXFileReference; lastKnownFileType = sourcecode.swift; path = TabBarVC.swift; sourceTree = "<group>"; };
		F7BC86F724264DA100A73632 /* UIImage.swift */ = {isa = PBXFileReference; lastKnownFileType = sourcecode.swift; path = UIImage.swift; sourceTree = "<group>"; };
		F7BC86FA24267EBE00A73632 /* PINKLABEL.swift */ = {isa = PBXFileReference; lastKnownFileType = sourcecode.swift; path = PINKLABEL.swift; sourceTree = "<group>"; };
		F7BE3806242099C200057592 /* Product.storyboard */ = {isa = PBXFileReference; lastKnownFileType = file.storyboard; path = Product.storyboard; sourceTree = "<group>"; };
		F7BE380924209A6E00057592 /* ProductImagesTVC.swift */ = {isa = PBXFileReference; lastKnownFileType = sourcecode.swift; path = ProductImagesTVC.swift; sourceTree = "<group>"; };
		F7BE380A24209A6E00057592 /* ProductImagesTVC.xib */ = {isa = PBXFileReference; lastKnownFileType = file.xib; path = ProductImagesTVC.xib; sourceTree = "<group>"; };
		F7BE380E24209B0100057592 /* ImageCVC.swift */ = {isa = PBXFileReference; lastKnownFileType = sourcecode.swift; path = ImageCVC.swift; sourceTree = "<group>"; };
		F7BE380F24209B0100057592 /* ImageCVC.xib */ = {isa = PBXFileReference; lastKnownFileType = file.xib; path = ImageCVC.xib; sourceTree = "<group>"; };
		F7BE381324209C2E00057592 /* ProductInfoVC.swift */ = {isa = PBXFileReference; lastKnownFileType = sourcecode.swift; path = ProductInfoVC.swift; sourceTree = "<group>"; };
		F7BE381624209CE400057592 /* ProductInfoDataSource.swift */ = {isa = PBXFileReference; lastKnownFileType = sourcecode.swift; path = ProductInfoDataSource.swift; sourceTree = "<group>"; };
		F7F276602425E9EA00967685 /* Login.swift */ = {isa = PBXFileReference; fileEncoding = 4; lastKnownFileType = sourcecode.swift; name = Login.swift; path = WFFApp/Login.swift; sourceTree = SOURCE_ROOT; };
		F7F276622425E9FB00967685 /* RegisterVC.swift */ = {isa = PBXFileReference; fileEncoding = 4; lastKnownFileType = sourcecode.swift; name = RegisterVC.swift; path = WFFApp/RegisterVC.swift; sourceTree = SOURCE_ROOT; };
		F7F2766424260AF300967685 /* UIbutton.swift */ = {isa = PBXFileReference; lastKnownFileType = sourcecode.swift; path = UIbutton.swift; sourceTree = "<group>"; };
		F7F27666242620C000967685 /* UIBarButton.swift */ = {isa = PBXFileReference; lastKnownFileType = sourcecode.swift; path = UIBarButton.swift; sourceTree = "<group>"; };
		F7F2766D242624F800967685 /* ProductsHeader.swift */ = {isa = PBXFileReference; fileEncoding = 4; lastKnownFileType = sourcecode.swift; name = ProductsHeader.swift; path = WFFApp/View/TableViewHeaders/ProductsHeader.swift; sourceTree = SOURCE_ROOT; };
		F7F2766E242624F900967685 /* ProductsHeader.xib */ = {isa = PBXFileReference; fileEncoding = 4; lastKnownFileType = file.xib; name = ProductsHeader.xib; path = WFFApp/View/TableViewHeaders/ProductsHeader.xib; sourceTree = SOURCE_ROOT; };
		F7F2766F242624F900967685 /* HomeTableViewHeader.xib */ = {isa = PBXFileReference; fileEncoding = 4; lastKnownFileType = file.xib; name = HomeTableViewHeader.xib; path = WFFApp/View/TableViewHeaders/HomeTableViewHeader.xib; sourceTree = SOURCE_ROOT; };
		F7F27670242624F900967685 /* HomeTableViewHeader.swift */ = {isa = PBXFileReference; fileEncoding = 4; lastKnownFileType = sourcecode.swift; name = HomeTableViewHeader.swift; path = WFFApp/View/TableViewHeaders/HomeTableViewHeader.swift; sourceTree = SOURCE_ROOT; };
		F7F276772426254300967685 /* SplashVC.swift */ = {isa = PBXFileReference; lastKnownFileType = sourcecode.swift; path = SplashVC.swift; sourceTree = "<group>"; };
/* End PBXFileReference section */

/* Begin PBXFrameworksBuildPhase section */
		F73387C224164D7F00DE8F75 /* Frameworks */ = {
			isa = PBXFrameworksBuildPhase;
			buildActionMask = 2147483647;
			files = (
				80AC443347FC62BD253C92F9 /* Pods_WFF_WFFApp.framework in Frameworks */,
				F73387DD241659AB00DE8F75 /* WffPlatform.framework in Frameworks */,
				9402633D241F62E4002E504C /* Buy.framework in Frameworks */,
				9402633F241F62E4002E504C /* Pay.framework in Frameworks */,
			);
			runOnlyForDeploymentPostprocessing = 0;
		};
/* End PBXFrameworksBuildPhase section */

/* Begin PBXGroup section */
		1D6BD46924233A3200184537 /* RegisterScreen */ = {
			isa = PBXGroup;
			children = (
				F7F276622425E9FB00967685 /* RegisterVC.swift */,
				F7F276602425E9EA00967685 /* Login.swift */,
			);
			path = RegisterScreen;
			sourceTree = "<group>";
		};
		1D6BD46C24233D6000184537 /* UIComponents */ = {
			isa = PBXGroup;
			children = (
				1D46B04924235DBA00144E60 /* WFFFormComponents.swift */,
				1D6BD46F2423409700184537 /* BaseBlueView.swift */,
				1D6BD471242340A300184537 /* LMPlaceholderTextView.swift */,
				1D6BD473242340AF00184537 /* LMTextField.swift */,
				1DE88B58242642AB00D35218 /* WFFLabels.swift */,
				1DB2EA112426643D004D99FD /* WFFFlatButton.swift */,
				1DB2EA15242669F8004D99FD /* WFFBorderedButton.swift */,
			);
			path = UIComponents;
			sourceTree = "<group>";
		};
		1DB0C14E2424A3940073B1FB /* OnboardingScreen */ = {
			isa = PBXGroup;
			children = (
				1DB0C14F2424A3DC0073B1FB /* OnboardingVC.swift */,
				1DB0C1552424D12C0073B1FB /* ZipCodeVC.swift */,
			);
			path = OnboardingScreen;
			sourceTree = "<group>";
		};
		1DB2EA1A242690F6004D99FD /* Recovered References */ = {
			isa = PBXGroup;
			children = (
			);
			name = "Recovered References";
			sourceTree = "<group>";
		};
		1DE88B17242636AC00D35218 /* Resources */ = {
			isa = PBXGroup;
			children = (
				1DE88B18242636C500D35218 /* Fonts */,
			);
			path = Resources;
			sourceTree = "<group>";
		};
		1DE88B18242636C500D35218 /* Fonts */ = {
			isa = PBXGroup;
			children = (
				1DE88B192426371700D35218 /* Montserrat */,
				1DE88B5A2426459300D35218 /* Oswald */,
			);
			path = Fonts;
			sourceTree = "<group>";
		};
		1DE88B192426371700D35218 /* Montserrat */ = {
			isa = PBXGroup;
			children = (
				1DE88B1D2426371700D35218 /* Montserrat-Light.ttf */,
				1DE88B6E24264FF900D35218 /* Montserrat-LightItalic.ttf */,
				1DE88B702426502E00D35218 /* Montserrat-Medium.ttf */,
			);
			path = Montserrat;
			sourceTree = "<group>";
		};
		1DE88B5A2426459300D35218 /* Oswald */ = {
			isa = PBXGroup;
			children = (
				1DE88B5B2426459300D35218 /* static */,
			);
			path = Oswald;
			sourceTree = "<group>";
		};
		1DE88B5B2426459300D35218 /* static */ = {
			isa = PBXGroup;
			children = (
				1DE88B5C2426459300D35218 /* Oswald-Bold.ttf */,
				1DE88B5D2426459300D35218 /* Oswald-SemiBold.ttf */,
				1DE88B5E2426459300D35218 /* Oswald-Medium.ttf */,
				1DE88B5F2426459300D35218 /* Oswald-Regular.ttf */,
				1DE88B602426459300D35218 /* Oswald-ExtraLight.ttf */,
				1DE88B612426459300D35218 /* Oswald-Light.ttf */,
			);
			path = static;
			sourceTree = "<group>";
		};
		1DF07600242554F800C6B883 /* PopupController */ = {
			isa = PBXGroup;
			children = (
				1DF076032425558F00C6B883 /* PopupVC.swift */,
			);
			path = PopupController;
			sourceTree = "<group>";
		};
		1DF076052425578700C6B883 /* PopModalViews */ = {
			isa = PBXGroup;
			children = (
				1DF076062425587500C6B883 /* productUnavailable.swift */,
				1DF07608242558A400C6B883 /* productUnavailable.xib */,
			);
			path = PopModalViews;
			sourceTree = "<group>";
		};
		3983C8AE34CA183DA24B9E90 /* Frameworks */ = {
			isa = PBXGroup;
			children = (
				9402633B241F62E4002E504C /* Buy.framework */,
				9402633C241F62E4002E504C /* Pay.framework */,
				F73387DC241659AB00DE8F75 /* WffPlatform.framework */,
				B136DD62D2B90A87DDD46A2B /* Pods_WFF_WFFApp.framework */,
			);
			name = Frameworks;
			sourceTree = "<group>";
		};
		9492E30324236A280073C806 /* ViewProtocols */ = {
			isa = PBXGroup;
			children = (
				9492E30424236A3F0073C806 /* ViewProtocols.swift */,
				9415B5E924248DB300295927 /* Protocols.swift */,
			);
			path = ViewProtocols;
			sourceTree = "<group>";
		};
		94EDF9FD24222D5900F2AFBA /* UIViewElements */ = {
			isa = PBXGroup;
			children = (
				9492E301242369CE0073C806 /* CustomUIViews.swift */,
				9492E2FF242365B40073C806 /* UIButton.swift */,
			);
			path = UIViewElements;
			sourceTree = "<group>";
		};
		F73387BC24164D7F00DE8F75 = {
			isa = PBXGroup;
			children = (
				F73387C724164D7F00DE8F75 /* WFFApp */,
				F73387C624164D7F00DE8F75 /* Products */,
				FAD6D6990A47B6914F1A45F2 /* Pods */,
				3983C8AE34CA183DA24B9E90 /* Frameworks */,
				1DB2EA1A242690F6004D99FD /* Recovered References */,
			);
			sourceTree = "<group>";
		};
		F73387C624164D7F00DE8F75 /* Products */ = {
			isa = PBXGroup;
			children = (
				F73387C524164D7F00DE8F75 /* WFFApp.app */,
			);
			name = Products;
			sourceTree = "<group>";
		};
		F73387C724164D7F00DE8F75 /* WFFApp */ = {
			isa = PBXGroup;
			children = (
				1DE88B17242636AC00D35218 /* Resources */,
				1D6BD46C24233D6000184537 /* UIComponents */,
				F733880024169E5100DE8F75 /* ViewModels */,
				F73387FF2416717C00DE8F75 /* Models */,
				F73387F8241669FC00DE8F75 /* Extentions */,
				F73388082416A6CC00DE8F75 /* GoogleService-Info.plist */,
				F73387D624164D8300DE8F75 /* Info.plist */,
				F73387E324165D5800DE8F75 /* View */,
				F73387E224165D3200DE8F75 /* Appliation */,
				F73387D324164D8300DE8F75 /* LaunchScreen.storyboard */,
				942A54C324239B99002BDF86 /* ExpandableLabel.swift */,
			);
			path = WFFApp;
			sourceTree = "<group>";
		};
		F73387E224165D3200DE8F75 /* Appliation */ = {
			isa = PBXGroup;
			children = (
				F73387C824164D7F00DE8F75 /* AppDelegate.swift */,
				F73387D124164D8300DE8F75 /* Assets.xcassets */,
			);
			path = Appliation;
			sourceTree = "<group>";
		};
		F73387E324165D5800DE8F75 /* View */ = {
			isa = PBXGroup;
			children = (
				F7BC86F924267EAD00A73632 /* UILabel */,
				F7F276762426251700967685 /* TableViewHeaders */,
				9492E30324236A280073C806 /* ViewProtocols */,
				94EDF9FD24222D5900F2AFBA /* UIViewElements */,
				F7419B6C2421052E006D2780 /* ProductInfoPage */,
				F73387FB24166E2D00DE8F75 /* DataSource */,
				1DF076052425578700C6B883 /* PopModalViews */,
				F73387EF241662A600DE8F75 /* TableViewCells */,
				F73387EE2416629A00DE8F75 /* CollectionViewCells */,
				F73387EA2416602300DE8F75 /* ViewControllers */,
				F73387E524165D6800DE8F75 /* StoryBoardUtils */,
				F73387E424165D6000DE8F75 /* StoryBoards */,
			);
			path = View;
			sourceTree = "<group>";
		};
		F73387E424165D6000DE8F75 /* StoryBoards */ = {
			isa = PBXGroup;
			children = (
				1D6BD46D24233E8B00184537 /* StartFlow.storyboard */,
				F73387E624165F0700DE8F75 /* Home.storyboard */,
				F7BE3806242099C200057592 /* Product.storyboard */,
			);
			path = StoryBoards;
			sourceTree = "<group>";
		};
		F73387E524165D6800DE8F75 /* StoryBoardUtils */ = {
			isa = PBXGroup;
			children = (
				F73387E824165F1200DE8F75 /* StoryBoards.swift */,
			);
			path = StoryBoardUtils;
			sourceTree = "<group>";
		};
		F73387EA2416602300DE8F75 /* ViewControllers */ = {
			isa = PBXGroup;
			children = (
				F7BC86F424264CCE00A73632 /* Home */,
				F7F2766C242624CF00967685 /* Splash */,
				1DF07600242554F800C6B883 /* PopupController */,
				1DB0C14E2424A3940073B1FB /* OnboardingScreen */,
				1D6BD46924233A3200184537 /* RegisterScreen */,
				F733880C2416B92C00DE8F75 /* CategoryScreen */,
				F73387EB2416603000DE8F75 /* Boarding */,
			);
			path = ViewControllers;
			sourceTree = "<group>";
		};
		F73387EB2416603000DE8F75 /* Boarding */ = {
			isa = PBXGroup;
			children = (
				F73387EC2416604C00DE8F75 /* HomeVC.swift */,
			);
			path = Boarding;
			sourceTree = "<group>";
		};
		F73387EE2416629A00DE8F75 /* CollectionViewCells */ = {
			isa = PBXGroup;
			children = (
				1DB0C14A2424967B0073B1FB /* OnboardingCVC.swift */,
				1DB0C14B2424967B0073B1FB /* OnboardingCVC.xib */,
				1DE062FB2421F59900A01FE4 /* ProductSubCategoryCVC.swift */,
				1DE062FC2421F59900A01FE4 /* ProductSubCategoryCVC.xib */,
				1DE7B7542420BD42009A8634 /* ProductCVC.swift */,
				1DE7B7552420BD42009A8634 /* ProductCVC.xib */,
				1DE7B7502420BAA4009A8634 /* PopularCVC.swift */,
				1DE7B7512420BAA4009A8634 /* PopularCVC.xib */,
				1DE7B74C2420B49F009A8634 /* FeaturedCVC.swift */,
				1DE7B74D2420B49F009A8634 /* FeaturedCVC.xib */,
				F73387F0241662C200DE8F75 /* CollectionCVC.swift */,
				F73387F1241662C200DE8F75 /* CollectionCVC.xib */,
			);
			path = CollectionViewCells;
			sourceTree = "<group>";
		};
		F73387EF241662A600DE8F75 /* TableViewCells */ = {
			isa = PBXGroup;
			children = (
				1DE062F72421F54600A01FE4 /* SubCategoryListTVC.swift */,
				1DE062F82421F54600A01FE4 /* SubCategoryListTVC.xib */,
				1DE062F32421EC6E00A01FE4 /* ProductsGridTVC.swift */,
				1DE062F42421EC6E00A01FE4 /* ProductsGridTVC.xib */,
				1D91FC262420F74E0098BAEE /* HomePopularTVC.swift */,
				1D91FC272420F74E0098BAEE /* HomePopularTVC.xib */,
				1D91FC1E2420E5560098BAEE /* HomeFeaturedTVC.swift */,
				1D91FC1F2420E5560098BAEE /* HomeFeaturedTVC.xib */,
				F73387F4241662EC00DE8F75 /* HomeCollectionTVC.swift */,
				F73387F5241662EC00DE8F75 /* HomeCollectionTVC.xib */,
			);
			path = TableViewCells;
			sourceTree = "<group>";
		};
		F73387F8241669FC00DE8F75 /* Extentions */ = {
			isa = PBXGroup;
			children = (
				F73387F924166A0700DE8F75 /* UITAbleView.swift */,
				F733880F2416BB2D00DE8F75 /* UIViewController.swift */,
				1DB0C1512424A73D0073B1FB /* UICollectionView.swift */,
				F7F2766424260AF300967685 /* UIbutton.swift */,
				1DE88B54242638A800D35218 /* UILabel.swift */,
				1DE88B5624263E4B00D35218 /* UIFont.swift */,
				1DB2EA0F24266368004D99FD /* UIColor.swift */,
				F7F27666242620C000967685 /* UIBarButton.swift */,
				F7BC86F2242645CF00A73632 /* UIAlertController.swift */,
				F7BC86F724264DA100A73632 /* UIImage.swift */,
			);
			path = Extentions;
			sourceTree = "<group>";
		};
		F73387FB24166E2D00DE8F75 /* DataSource */ = {
			isa = PBXGroup;
			children = (
				F73387FC24166E3800DE8F75 /* HomeVC */,
			);
			path = DataSource;
			sourceTree = "<group>";
		};
		F73387FC24166E3800DE8F75 /* HomeVC */ = {
			isa = PBXGroup;
			children = (
				F73387FD24166E5000DE8F75 /* HomeScreenDataSource.swift */,
			);
			path = HomeVC;
			sourceTree = "<group>";
		};
		F73387FF2416717C00DE8F75 /* Models */ = {
			isa = PBXGroup;
			children = (
				F733880A2416B16500DE8F75 /* HomeScreenCollections.swift */,
			);
			path = Models;
			sourceTree = "<group>";
		};
		F733880024169E5100DE8F75 /* ViewModels */ = {
			isa = PBXGroup;
			children = (
				1D3875BC2423760900E8D93F /* ProductProtocol.swift */,
			);
			path = ViewModels;
			sourceTree = "<group>";
		};
		F733880C2416B92C00DE8F75 /* CategoryScreen */ = {
			isa = PBXGroup;
			children = (
				F733880D2416B94D00DE8F75 /* CategorySelectionVC.swift */,
			);
			path = CategoryScreen;
			sourceTree = "<group>";
		};
		F7419B632420E44E006D2780 /* CustomViews */ = {
			isa = PBXGroup;
			children = (
				F7419B642420E474006D2780 /* ProductCostView.xib */,
				F7419B662420E480006D2780 /* ProductCostView.swift */,
				F7419B6824210381006D2780 /* ProductInfoView.swift */,
				F7419B6A24210388006D2780 /* ProductInfoView.xib */,
				F7419B6D24210597006D2780 /* ReviewHeaderView.xib */,
				F7419B6F242105A1006D2780 /* ReviewHeaderView.swift */,
				948D153924233F3200001A7A /* ReviewTableViewCell.swift */,
				948D153A24233F3200001A7A /* ReviewTableViewCell.xib */,
				9492E306242375150073C806 /* AllReviews.swift */,
				9492E307242375150073C806 /* AllReviews.xib */,
				944F9D692423C201003BF6B8 /* HeaderView.swift */,
			);
			path = CustomViews;
			sourceTree = "<group>";
		};
		F7419B6C2421052E006D2780 /* ProductInfoPage */ = {
			isa = PBXGroup;
			children = (
				F7BE381524209CCC00057592 /* ProductScreen */,
				F7BE381224209C1B00057592 /* Product */,
				F7BE380D24209AE200057592 /* ProductPageImagesCVC */,
				F7BE380824209A5100057592 /* ProductPageTVC */,
				F7419B632420E44E006D2780 /* CustomViews */,
			);
			path = ProductInfoPage;
			sourceTree = "<group>";
		};
		F7BC86F424264CCE00A73632 /* Home */ = {
			isa = PBXGroup;
			children = (
				F7BC86F524264CE300A73632 /* TabBarVC.swift */,
			);
			path = Home;
			sourceTree = "<group>";
		};
		F7BC86F924267EAD00A73632 /* UILabel */ = {
			isa = PBXGroup;
			children = (
				F7BC86FA24267EBE00A73632 /* PINKLABEL.swift */,
			);
			path = UILabel;
			sourceTree = "<group>";
		};
		F7BE380824209A5100057592 /* ProductPageTVC */ = {
			isa = PBXGroup;
			children = (
				F7BE380924209A6E00057592 /* ProductImagesTVC.swift */,
				F7BE380A24209A6E00057592 /* ProductImagesTVC.xib */,
			);
			path = ProductPageTVC;
			sourceTree = "<group>";
		};
		F7BE380D24209AE200057592 /* ProductPageImagesCVC */ = {
			isa = PBXGroup;
			children = (
				F7BE380E24209B0100057592 /* ImageCVC.swift */,
				F7BE380F24209B0100057592 /* ImageCVC.xib */,
			);
			path = ProductPageImagesCVC;
			sourceTree = "<group>";
		};
		F7BE381224209C1B00057592 /* Product */ = {
			isa = PBXGroup;
			children = (
				F7BE381324209C2E00057592 /* ProductInfoVC.swift */,
			);
			path = Product;
			sourceTree = "<group>";
		};
		F7BE381524209CCC00057592 /* ProductScreen */ = {
			isa = PBXGroup;
			children = (
				F7BE381624209CE400057592 /* ProductInfoDataSource.swift */,
			);
			path = ProductScreen;
			sourceTree = "<group>";
		};
		F7F2766C242624CF00967685 /* Splash */ = {
			isa = PBXGroup;
			children = (
				F7F276772426254300967685 /* SplashVC.swift */,
			);
			path = Splash;
			sourceTree = "<group>";
		};
		F7F276762426251700967685 /* TableViewHeaders */ = {
			isa = PBXGroup;
			children = (
				F7F27670242624F900967685 /* HomeTableViewHeader.swift */,
				F7F2766F242624F900967685 /* HomeTableViewHeader.xib */,
				F7F2766D242624F800967685 /* ProductsHeader.swift */,
				F7F2766E242624F900967685 /* ProductsHeader.xib */,
			);
			path = TableViewHeaders;
			sourceTree = "<group>";
		};
		FAD6D6990A47B6914F1A45F2 /* Pods */ = {
			isa = PBXGroup;
			children = (
				A589940DBEF0DD03E845FC4F /* Pods-WFF-WFFApp.debug.xcconfig */,
				3B0DA1F3CCCA9534CB443E57 /* Pods-WFF-WFFApp.release.xcconfig */,
			);
			name = Pods;
			path = ../Pods;
			sourceTree = "<group>";
		};
/* End PBXGroup section */

/* Begin PBXNativeTarget section */
		F73387C424164D7F00DE8F75 /* WFFApp */ = {
			isa = PBXNativeTarget;
			buildConfigurationList = F73387D924164D8300DE8F75 /* Build configuration list for PBXNativeTarget "WFFApp" */;
			buildPhases = (
				2AC8E7819B5A188FCD33D37F /* [CP] Check Pods Manifest.lock */,
				F73387C124164D7F00DE8F75 /* Sources */,
				F73387C224164D7F00DE8F75 /* Frameworks */,
				F73387C324164D7F00DE8F75 /* Resources */,
				82B444EFEEC2C7D5795984F7 /* [CP] Embed Pods Frameworks */,
				F73387DF241659AB00DE8F75 /* Embed Frameworks */,
			);
			buildRules = (
			);
			dependencies = (
			);
			name = WFFApp;
			productName = WFFApp;
			productReference = F73387C524164D7F00DE8F75 /* WFFApp.app */;
			productType = "com.apple.product-type.application";
		};
/* End PBXNativeTarget section */

/* Begin PBXProject section */
		F73387BD24164D7F00DE8F75 /* Project object */ = {
			isa = PBXProject;
			attributes = {
				LastSwiftUpdateCheck = 1130;
				LastUpgradeCheck = 1130;
				ORGANIZATIONNAME = "Himanshu Singh";
				TargetAttributes = {
					F73387C424164D7F00DE8F75 = {
						CreatedOnToolsVersion = 11.3;
					};
				};
			};
			buildConfigurationList = F73387C024164D7F00DE8F75 /* Build configuration list for PBXProject "WFFApp" */;
			compatibilityVersion = "Xcode 9.3";
			developmentRegion = en;
			hasScannedForEncodings = 0;
			knownRegions = (
				en,
				Base,
			);
			mainGroup = F73387BC24164D7F00DE8F75;
			productRefGroup = F73387C624164D7F00DE8F75 /* Products */;
			projectDirPath = "";
			projectRoot = "";
			targets = (
				F73387C424164D7F00DE8F75 /* WFFApp */,
			);
		};
/* End PBXProject section */

/* Begin PBXResourcesBuildPhase section */
		F73387C324164D7F00DE8F75 /* Resources */ = {
			isa = PBXResourcesBuildPhase;
			buildActionMask = 2147483647;
			files = (
				1DE88B662426459400D35218 /* Oswald-SemiBold.ttf in Resources */,
				1DE062FA2421F54600A01FE4 /* SubCategoryListTVC.xib in Resources */,
				1DE7B7572420BD42009A8634 /* ProductCVC.xib in Resources */,
				1D6BD46E24233E8B00184537 /* StartFlow.storyboard in Resources */,
				1DE88B692426459400D35218 /* Oswald-ExtraLight.ttf in Resources */,
				F73387E724165F0700DE8F75 /* Home.storyboard in Resources */,
				1DE7B74F2420B49F009A8634 /* FeaturedCVC.xib in Resources */,
				1DE88B6F24264FF900D35218 /* Montserrat-LightItalic.ttf in Resources */,
				F7BE380C24209A6E00057592 /* ProductImagesTVC.xib in Resources */,
				F7419B6B24210388006D2780 /* ProductInfoView.xib in Resources */,
				F73387D524164D8300DE8F75 /* LaunchScreen.storyboard in Resources */,
				F7BE381124209B0100057592 /* ImageCVC.xib in Resources */,
				F7BE3807242099C200057592 /* Product.storyboard in Resources */,
				F7419B652420E474006D2780 /* ProductCostView.xib in Resources */,
				948D153C24233F3200001A7A /* ReviewTableViewCell.xib in Resources */,
				F7419B6E24210597006D2780 /* ReviewHeaderView.xib in Resources */,
				1DE88B672426459400D35218 /* Oswald-Medium.ttf in Resources */,
				F73387F3241662C200DE8F75 /* CollectionCVC.xib in Resources */,
				1DE062F62421EC6E00A01FE4 /* ProductsGridTVC.xib in Resources */,
				F7F27672242624FA00967685 /* ProductsHeader.xib in Resources */,
				F7F27673242624FA00967685 /* HomeTableViewHeader.xib in Resources */,
				9492E309242375150073C806 /* AllReviews.xib in Resources */,
				F73387F7241662EC00DE8F75 /* HomeCollectionTVC.xib in Resources */,
				F73387D224164D8300DE8F75 /* Assets.xcassets in Resources */,
				1DE88B6A2426459400D35218 /* Oswald-Light.ttf in Resources */,
				1D91FC292420F74E0098BAEE /* HomePopularTVC.xib in Resources */,
				1DE88B682426459400D35218 /* Oswald-Regular.ttf in Resources */,
				1DE7B7532420BAA4009A8634 /* PopularCVC.xib in Resources */,
				1DF07609242558A400C6B883 /* productUnavailable.xib in Resources */,
				1D91FC212420E5560098BAEE /* HomeFeaturedTVC.xib in Resources */,
				1DE062FE2421F59900A01FE4 /* ProductSubCategoryCVC.xib in Resources */,
				1DE88B3B2426371800D35218 /* Montserrat-Light.ttf in Resources */,
				F73388092416A6CC00DE8F75 /* GoogleService-Info.plist in Resources */,
				1DB0C14D2424967B0073B1FB /* OnboardingCVC.xib in Resources */,
				1DE88B652426459400D35218 /* Oswald-Bold.ttf in Resources */,
			);
			runOnlyForDeploymentPostprocessing = 0;
		};
/* End PBXResourcesBuildPhase section */

/* Begin PBXShellScriptBuildPhase section */
		2AC8E7819B5A188FCD33D37F /* [CP] Check Pods Manifest.lock */ = {
			isa = PBXShellScriptBuildPhase;
			buildActionMask = 2147483647;
			files = (
			);
			inputFileListPaths = (
			);
			inputPaths = (
				"${PODS_PODFILE_DIR_PATH}/Podfile.lock",
				"${PODS_ROOT}/Manifest.lock",
			);
			name = "[CP] Check Pods Manifest.lock";
			outputFileListPaths = (
			);
			outputPaths = (
				"$(DERIVED_FILE_DIR)/Pods-WFF-WFFApp-checkManifestLockResult.txt",
			);
			runOnlyForDeploymentPostprocessing = 0;
			shellPath = /bin/sh;
			shellScript = "diff \"${PODS_PODFILE_DIR_PATH}/Podfile.lock\" \"${PODS_ROOT}/Manifest.lock\" > /dev/null\nif [ $? != 0 ] ; then\n    # print error to STDERR\n    echo \"error: The sandbox is not in sync with the Podfile.lock. Run 'pod install' or update your CocoaPods installation.\" >&2\n    exit 1\nfi\n# This output is used by Xcode 'outputs' to avoid re-running this script phase.\necho \"SUCCESS\" > \"${SCRIPT_OUTPUT_FILE_0}\"\n";
			showEnvVarsInLog = 0;
		};
		82B444EFEEC2C7D5795984F7 /* [CP] Embed Pods Frameworks */ = {
			isa = PBXShellScriptBuildPhase;
			buildActionMask = 2147483647;
			files = (
			);
			inputFileListPaths = (
				"${PODS_ROOT}/Target Support Files/Pods-WFF-WFFApp/Pods-WFF-WFFApp-frameworks-${CONFIGURATION}-input-files.xcfilelist",
			);
			name = "[CP] Embed Pods Frameworks";
			outputFileListPaths = (
				"${PODS_ROOT}/Target Support Files/Pods-WFF-WFFApp/Pods-WFF-WFFApp-frameworks-${CONFIGURATION}-output-files.xcfilelist",
			);
			runOnlyForDeploymentPostprocessing = 0;
			shellPath = /bin/sh;
			shellScript = "\"${PODS_ROOT}/Target Support Files/Pods-WFF-WFFApp/Pods-WFF-WFFApp-frameworks.sh\"\n";
			showEnvVarsInLog = 0;
		};
/* End PBXShellScriptBuildPhase section */

/* Begin PBXSourcesBuildPhase section */
		F73387C124164D7F00DE8F75 /* Sources */ = {
			isa = PBXSourcesBuildPhase;
			buildActionMask = 2147483647;
			files = (
				1DB0C1522424A73D0073B1FB /* UICollectionView.swift in Sources */,
				F7F27671242624FA00967685 /* ProductsHeader.swift in Sources */,
				1DB0C1502424A3DC0073B1FB /* OnboardingVC.swift in Sources */,
				1DB0C14C2424967B0073B1FB /* OnboardingCVC.swift in Sources */,
				1D46B04A24235DBA00144E60 /* WFFFormComponents.swift in Sources */,
				1DE7B7562420BD42009A8634 /* ProductCVC.swift in Sources */,
				1D91FC282420F74E0098BAEE /* HomePopularTVC.swift in Sources */,
				F7BE381424209C2E00057592 /* ProductInfoVC.swift in Sources */,
				F7BE381024209B0100057592 /* ImageCVC.swift in Sources */,
				F73387F6241662EC00DE8F75 /* HomeCollectionTVC.swift in Sources */,
				9492E302242369CF0073C806 /* CustomUIViews.swift in Sources */,
				F73387FA24166A0700DE8F75 /* UITAbleView.swift in Sources */,
				F7BC86F3242645CF00A73632 /* UIAlertController.swift in Sources */,
				F7419B70242105A1006D2780 /* ReviewHeaderView.swift in Sources */,
				942A54C424239B99002BDF86 /* ExpandableLabel.swift in Sources */,
				F733880E2416B94D00DE8F75 /* CategorySelectionVC.swift in Sources */,
				9492E300242365B40073C806 /* UIButton.swift in Sources */,
				F7F276612425E9EB00967685 /* Login.swift in Sources */,
				1D6BD472242340A300184537 /* LMPlaceholderTextView.swift in Sources */,
				1DB2EA1024266368004D99FD /* UIColor.swift in Sources */,
				948D153B24233F3200001A7A /* ReviewTableViewCell.swift in Sources */,
				F7419B672420E480006D2780 /* ProductCostView.swift in Sources */,
				F73387ED2416604C00DE8F75 /* HomeVC.swift in Sources */,
				1DE7B74E2420B49F009A8634 /* FeaturedCVC.swift in Sources */,
				F7F27667242620C000967685 /* UIBarButton.swift in Sources */,
				9415B5EA24248DB300295927 /* Protocols.swift in Sources */,
				F73388102416BB2D00DE8F75 /* UIViewController.swift in Sources */,
				1DE062F92421F54600A01FE4 /* SubCategoryListTVC.swift in Sources */,
				1DE7B7522420BAA4009A8634 /* PopularCVC.swift in Sources */,
				F7419B6924210381006D2780 /* ProductInfoView.swift in Sources */,
				944F9D6A2423C201003BF6B8 /* HeaderView.swift in Sources */,
				1DE88B59242642AB00D35218 /* WFFLabels.swift in Sources */,
				F7F276782426254300967685 /* SplashVC.swift in Sources */,
				1D91FC202420E5560098BAEE /* HomeFeaturedTVC.swift in Sources */,
				1DB2EA122426643D004D99FD /* WFFFlatButton.swift in Sources */,
				1DE88B55242638A800D35218 /* UILabel.swift in Sources */,
				F73387E924165F1200DE8F75 /* StoryBoards.swift in Sources */,
				F7BC86F824264DA100A73632 /* UIImage.swift in Sources */,
				F7F27674242624FA00967685 /* HomeTableViewHeader.swift in Sources */,
				F7BE380B24209A6E00057592 /* ProductImagesTVC.swift in Sources */,
				1DF076042425558F00C6B883 /* PopupVC.swift in Sources */,
				1D6BD4702423409700184537 /* BaseBlueView.swift in Sources */,
				1DE88B5724263E4B00D35218 /* UIFont.swift in Sources */,
				9492E308242375150073C806 /* AllReviews.swift in Sources */,
				1DF076072425587500C6B883 /* productUnavailable.swift in Sources */,
				9492E30524236A3F0073C806 /* ViewProtocols.swift in Sources */,
				1DB2EA16242669F8004D99FD /* WFFBorderedButton.swift in Sources */,
				F73387FE24166E5000DE8F75 /* HomeScreenDataSource.swift in Sources */,
				F7F276632425E9FB00967685 /* RegisterVC.swift in Sources */,
				F7BC86F624264CE300A73632 /* TabBarVC.swift in Sources */,
				1D3875BD2423760900E8D93F /* ProductProtocol.swift in Sources */,
				F73387F2241662C200DE8F75 /* CollectionCVC.swift in Sources */,
				1DB0C1562424D12C0073B1FB /* ZipCodeVC.swift in Sources */,
				1DE062FD2421F59900A01FE4 /* ProductSubCategoryCVC.swift in Sources */,
				F733880B2416B16500DE8F75 /* HomeScreenCollections.swift in Sources */,
				F7F2766524260AF300967685 /* UIbutton.swift in Sources */,
				F7BE381724209CE400057592 /* ProductInfoDataSource.swift in Sources */,
				1DE062F52421EC6E00A01FE4 /* ProductsGridTVC.swift in Sources */,
				1D6BD474242340AF00184537 /* LMTextField.swift in Sources */,
				F73387C924164D7F00DE8F75 /* AppDelegate.swift in Sources */,
			);
			runOnlyForDeploymentPostprocessing = 0;
		};
/* End PBXSourcesBuildPhase section */

/* Begin PBXVariantGroup section */
		F73387D324164D8300DE8F75 /* LaunchScreen.storyboard */ = {
			isa = PBXVariantGroup;
			children = (
				F73387D424164D8300DE8F75 /* Base */,
			);
			name = LaunchScreen.storyboard;
			sourceTree = "<group>";
		};
/* End PBXVariantGroup section */

/* Begin XCBuildConfiguration section */
		F73387D724164D8300DE8F75 /* Debug */ = {
			isa = XCBuildConfiguration;
			buildSettings = {
				ALWAYS_SEARCH_USER_PATHS = NO;
				CLANG_ANALYZER_NONNULL = YES;
				CLANG_ANALYZER_NUMBER_OBJECT_CONVERSION = YES_AGGRESSIVE;
				CLANG_CXX_LANGUAGE_STANDARD = "gnu++14";
				CLANG_CXX_LIBRARY = "libc++";
				CLANG_ENABLE_MODULES = YES;
				CLANG_ENABLE_OBJC_ARC = YES;
				CLANG_ENABLE_OBJC_WEAK = YES;
				CLANG_WARN_BLOCK_CAPTURE_AUTORELEASING = YES;
				CLANG_WARN_BOOL_CONVERSION = YES;
				CLANG_WARN_COMMA = YES;
				CLANG_WARN_CONSTANT_CONVERSION = YES;
				CLANG_WARN_DEPRECATED_OBJC_IMPLEMENTATIONS = YES;
				CLANG_WARN_DIRECT_OBJC_ISA_USAGE = YES_ERROR;
				CLANG_WARN_DOCUMENTATION_COMMENTS = YES;
				CLANG_WARN_EMPTY_BODY = YES;
				CLANG_WARN_ENUM_CONVERSION = YES;
				CLANG_WARN_INFINITE_RECURSION = YES;
				CLANG_WARN_INT_CONVERSION = YES;
				CLANG_WARN_NON_LITERAL_NULL_CONVERSION = YES;
				CLANG_WARN_OBJC_IMPLICIT_RETAIN_SELF = YES;
				CLANG_WARN_OBJC_LITERAL_CONVERSION = YES;
				CLANG_WARN_OBJC_ROOT_CLASS = YES_ERROR;
				CLANG_WARN_RANGE_LOOP_ANALYSIS = YES;
				CLANG_WARN_STRICT_PROTOTYPES = YES;
				CLANG_WARN_SUSPICIOUS_MOVE = YES;
				CLANG_WARN_UNGUARDED_AVAILABILITY = YES_AGGRESSIVE;
				CLANG_WARN_UNREACHABLE_CODE = YES;
				CLANG_WARN__DUPLICATE_METHOD_MATCH = YES;
				COPY_PHASE_STRIP = NO;
				DEBUG_INFORMATION_FORMAT = dwarf;
				ENABLE_STRICT_OBJC_MSGSEND = YES;
				ENABLE_TESTABILITY = YES;
				GCC_C_LANGUAGE_STANDARD = gnu11;
				GCC_DYNAMIC_NO_PIC = NO;
				GCC_NO_COMMON_BLOCKS = YES;
				GCC_OPTIMIZATION_LEVEL = 0;
				GCC_PREPROCESSOR_DEFINITIONS = (
					"DEBUG=1",
					"$(inherited)",
				);
				GCC_WARN_64_TO_32_BIT_CONVERSION = YES;
				GCC_WARN_ABOUT_RETURN_TYPE = YES_ERROR;
				GCC_WARN_UNDECLARED_SELECTOR = YES;
				GCC_WARN_UNINITIALIZED_AUTOS = YES_AGGRESSIVE;
				GCC_WARN_UNUSED_FUNCTION = YES;
				GCC_WARN_UNUSED_VARIABLE = YES;
				IPHONEOS_DEPLOYMENT_TARGET = 11.0;
				MTL_ENABLE_DEBUG_INFO = INCLUDE_SOURCE;
				MTL_FAST_MATH = YES;
				ONLY_ACTIVE_ARCH = YES;
				SDKROOT = iphoneos;
				SWIFT_ACTIVE_COMPILATION_CONDITIONS = DEBUG;
				SWIFT_OPTIMIZATION_LEVEL = "-Onone";
			};
			name = Debug;
		};
		F73387D824164D8300DE8F75 /* Release */ = {
			isa = XCBuildConfiguration;
			buildSettings = {
				ALWAYS_SEARCH_USER_PATHS = NO;
				CLANG_ANALYZER_NONNULL = YES;
				CLANG_ANALYZER_NUMBER_OBJECT_CONVERSION = YES_AGGRESSIVE;
				CLANG_CXX_LANGUAGE_STANDARD = "gnu++14";
				CLANG_CXX_LIBRARY = "libc++";
				CLANG_ENABLE_MODULES = YES;
				CLANG_ENABLE_OBJC_ARC = YES;
				CLANG_ENABLE_OBJC_WEAK = YES;
				CLANG_WARN_BLOCK_CAPTURE_AUTORELEASING = YES;
				CLANG_WARN_BOOL_CONVERSION = YES;
				CLANG_WARN_COMMA = YES;
				CLANG_WARN_CONSTANT_CONVERSION = YES;
				CLANG_WARN_DEPRECATED_OBJC_IMPLEMENTATIONS = YES;
				CLANG_WARN_DIRECT_OBJC_ISA_USAGE = YES_ERROR;
				CLANG_WARN_DOCUMENTATION_COMMENTS = YES;
				CLANG_WARN_EMPTY_BODY = YES;
				CLANG_WARN_ENUM_CONVERSION = YES;
				CLANG_WARN_INFINITE_RECURSION = YES;
				CLANG_WARN_INT_CONVERSION = YES;
				CLANG_WARN_NON_LITERAL_NULL_CONVERSION = YES;
				CLANG_WARN_OBJC_IMPLICIT_RETAIN_SELF = YES;
				CLANG_WARN_OBJC_LITERAL_CONVERSION = YES;
				CLANG_WARN_OBJC_ROOT_CLASS = YES_ERROR;
				CLANG_WARN_RANGE_LOOP_ANALYSIS = YES;
				CLANG_WARN_STRICT_PROTOTYPES = YES;
				CLANG_WARN_SUSPICIOUS_MOVE = YES;
				CLANG_WARN_UNGUARDED_AVAILABILITY = YES_AGGRESSIVE;
				CLANG_WARN_UNREACHABLE_CODE = YES;
				CLANG_WARN__DUPLICATE_METHOD_MATCH = YES;
				COPY_PHASE_STRIP = NO;
				DEBUG_INFORMATION_FORMAT = "dwarf-with-dsym";
				ENABLE_NS_ASSERTIONS = NO;
				ENABLE_STRICT_OBJC_MSGSEND = YES;
				GCC_C_LANGUAGE_STANDARD = gnu11;
				GCC_NO_COMMON_BLOCKS = YES;
				GCC_WARN_64_TO_32_BIT_CONVERSION = YES;
				GCC_WARN_ABOUT_RETURN_TYPE = YES_ERROR;
				GCC_WARN_UNDECLARED_SELECTOR = YES;
				GCC_WARN_UNINITIALIZED_AUTOS = YES_AGGRESSIVE;
				GCC_WARN_UNUSED_FUNCTION = YES;
				GCC_WARN_UNUSED_VARIABLE = YES;
				IPHONEOS_DEPLOYMENT_TARGET = 11.0;
				MTL_ENABLE_DEBUG_INFO = NO;
				MTL_FAST_MATH = YES;
				SDKROOT = iphoneos;
				SWIFT_COMPILATION_MODE = wholemodule;
				SWIFT_OPTIMIZATION_LEVEL = "-O";
				VALIDATE_PRODUCT = YES;
			};
			name = Release;
		};
		F73387DA24164D8300DE8F75 /* Debug */ = {
			isa = XCBuildConfiguration;
			baseConfigurationReference = A589940DBEF0DD03E845FC4F /* Pods-WFF-WFFApp.debug.xcconfig */;
			buildSettings = {
				ASSETCATALOG_COMPILER_APPICON_NAME = AppIcon;
				CODE_SIGN_STYLE = Automatic;
				DEVELOPMENT_TEAM = RMSLBR397D;
				INFOPLIST_FILE = WFFApp/Info.plist;
				IPHONEOS_DEPLOYMENT_TARGET = 11.0;
				LD_RUNPATH_SEARCH_PATHS = (
					"$(inherited)",
					"@executable_path/Frameworks",
				);
				PRODUCT_BUNDLE_IDENTIFIER = com.wildforkfoods.wffapp;
				PRODUCT_NAME = "$(TARGET_NAME)";
				SWIFT_VERSION = 5.0;
				TARGETED_DEVICE_FAMILY = 1;
			};
			name = Debug;
		};
		F73387DB24164D8300DE8F75 /* Release */ = {
			isa = XCBuildConfiguration;
			baseConfigurationReference = 3B0DA1F3CCCA9534CB443E57 /* Pods-WFF-WFFApp.release.xcconfig */;
			buildSettings = {
				ASSETCATALOG_COMPILER_APPICON_NAME = AppIcon;
				CODE_SIGN_STYLE = Automatic;
				DEVELOPMENT_TEAM = RMSLBR397D;
				INFOPLIST_FILE = WFFApp/Info.plist;
				IPHONEOS_DEPLOYMENT_TARGET = 11.0;
				LD_RUNPATH_SEARCH_PATHS = (
					"$(inherited)",
					"@executable_path/Frameworks",
				);
				PRODUCT_BUNDLE_IDENTIFIER = com.wildforkfoods.wffapp;
				PRODUCT_NAME = "$(TARGET_NAME)";
				SWIFT_VERSION = 5.0;
				TARGETED_DEVICE_FAMILY = 1;
			};
			name = Release;
		};
/* End XCBuildConfiguration section */

/* Begin XCConfigurationList section */
		F73387C024164D7F00DE8F75 /* Build configuration list for PBXProject "WFFApp" */ = {
			isa = XCConfigurationList;
			buildConfigurations = (
				F73387D724164D8300DE8F75 /* Debug */,
				F73387D824164D8300DE8F75 /* Release */,
			);
			defaultConfigurationIsVisible = 0;
			defaultConfigurationName = Release;
		};
		F73387D924164D8300DE8F75 /* Build configuration list for PBXNativeTarget "WFFApp" */ = {
			isa = XCConfigurationList;
			buildConfigurations = (
				F73387DA24164D8300DE8F75 /* Debug */,
				F73387DB24164D8300DE8F75 /* Release */,
			);
			defaultConfigurationIsVisible = 0;
			defaultConfigurationName = Release;
		};
/* End XCConfigurationList section */
	};
	rootObject = F73387BD24164D7F00DE8F75 /* Project object */;
}
